# THIS IS AN AUTOGENERATED FILE. DO NOT EDIT THIS FILE DIRECTLY.
# yarn lockfile v1


"@types/debug@^4.0.0":
  version "4.1.12"
  resolved "https://registry.yarnpkg.com/@types/debug/-/debug-4.1.12.tgz#a155f21690871953410df4b6b6f53187f0500917"
  integrity sha512-vIChWdVG3LG1SMxEvI/AK+FWJthlrqlTu7fbrlywTkkaONwk/UAGaULXRlf8vkzFBLVm0zkMdCquhL5aOjhXPQ==
  dependencies:
    "@types/ms" "*"

"@types/hast@^3.0.0":
  version "3.0.3"
  resolved "https://registry.yarnpkg.com/@types/hast/-/hast-3.0.3.tgz#7f75e6b43bc3f90316046a287d9ad3888309f7e1"
  integrity sha512-2fYGlaDy/qyLlhidX42wAH0KBi2TCjKMH8CHmBXgRlJ3Y+OXTiqsPQ6IWarZKwF1JoUcAJdPogv1d4b0COTpmQ==
  dependencies:
    "@types/unist" "*"

"@types/mdast@^4.0.0":
  version "4.0.3"
  resolved "https://registry.yarnpkg.com/@types/mdast/-/mdast-4.0.3.tgz#1e011ff013566e919a4232d1701ad30d70cab333"
  integrity sha512-LsjtqsyF+d2/yFOYaN22dHZI1Cpwkrj+g06G8+qtUKlhovPW89YhqSnfKtMbkgmEtYpH2gydRNULd6y8mciAFg==
  dependencies:
    "@types/unist" "*"

"@types/ms@*":
  version "0.7.34"
  resolved "https://registry.yarnpkg.com/@types/ms/-/ms-0.7.34.tgz#10964ba0dee6ac4cd462e2795b6bebd407303433"
  integrity sha512-nG96G3Wp6acyAgJqGasjODb+acrI7KltPiRxzHPXnP3NgI28bpQDRv53olbqGXbfcgF5aiiHmO3xpwEpS5Ld9g==

"@types/supports-color@^8.0.0":
  version "8.1.3"
  resolved "https://registry.yarnpkg.com/@types/supports-color/-/supports-color-8.1.3.tgz#b769cdce1d1bb1a3fa794e35b62c62acdf93c139"
  integrity sha512-Hy6UMpxhE3j1tLpl27exp1XqHD7n8chAiNPzWfz16LPZoMMoSc4dzLl6w9qijkEb/r5O1ozdu1CWGA2L83ZeZg==

"@types/unist@*", "@types/unist@^3.0.0":
  version "3.0.2"
  resolved "https://registry.yarnpkg.com/@types/unist/-/unist-3.0.2.tgz#6dd61e43ef60b34086287f83683a5c1b2dc53d20"
  integrity sha512-dqId9J8K/vGi5Zr7oo212BGii5m3q5Hxlkwy3WpYuKPklmBEvsbMYYyLxAQpSffdLl/gdW0XUpKWFvYmyoWCoQ==

"@ungap/structured-clone@^1.0.0":
  version "1.2.0"
  resolved "https://registry.yarnpkg.com/@ungap/structured-clone/-/structured-clone-1.2.0.tgz#756641adb587851b5ccb3e095daf27ae581c8406"
  integrity sha512-zuVdFrMJiuCDQUMCzQaD6KL28MjnqqN8XnAqiEq9PNm/hCPTSGfrXCOfwj1ow4LFb/tNymJPwsNbVePc1xFqrQ==

ansi-regex@^6.0.1:
  version "6.0.1"
  resolved "https://registry.yarnpkg.com/ansi-regex/-/ansi-regex-6.0.1.tgz#3183e38fae9a65d7cb5e53945cd5897d0260a06a"
  integrity sha512-n5M855fKb2SsfMIiFFoVrABHJC8QtHwVx+mHWP3QcEqBHYienj5dHSgjbxtC0WEZXYt4wcD6zrQElDPhFuZgfA==

bail@^2.0.0:
  version "2.0.2"
  resolved "https://registry.yarnpkg.com/bail/-/bail-2.0.2.tgz#d26f5cd8fe5d6f832a31517b9f7c356040ba6d5d"
  integrity sha512-0xO6mYd7JB2YesxDKplafRpsiOzPt9V02ddPCLbY1xYGPOX24NTyN50qnUxgCPcSoYMhKpAuBTjQoRZCAkUDRw==

ccount@^2.0.0:
  version "2.0.1"
  resolved "https://registry.yarnpkg.com/ccount/-/ccount-2.0.1.tgz#17a3bf82302e0870d6da43a01311a8bc02a3ecf5"
  integrity sha512-eyrF0jiFpY+3drT6383f1qhkbGsLSifNAjA61IUjZjmLCWjItY6LB9ft9YhoDgwfmclB2zhu51Lc7+95b8NRAg==

character-entities-html4@^2.0.0:
  version "2.1.0"
  resolved "https://registry.yarnpkg.com/character-entities-html4/-/character-entities-html4-2.1.0.tgz#1f1adb940c971a4b22ba39ddca6b618dc6e56b2b"
  integrity sha512-1v7fgQRj6hnSwFpq1Eu0ynr/CDEw0rXo2B61qXrLNdHZmPKgb7fqS1a2JwF0rISo9q77jDI8VMEHoApn8qDoZA==

character-entities-legacy@^3.0.0:
  version "3.0.0"
  resolved "https://registry.yarnpkg.com/character-entities-legacy/-/character-entities-legacy-3.0.0.tgz#76bc83a90738901d7bc223a9e93759fdd560125b"
  integrity sha512-RpPp0asT/6ufRm//AJVwpViZbGM/MkjQFxJccQRHmISF/22NBtsHqAWmL+/pmkPWoIUJdWyeVleTl1wydHATVQ==

character-entities@^2.0.0:
  version "2.0.2"
  resolved "https://registry.yarnpkg.com/character-entities/-/character-entities-2.0.2.tgz#2d09c2e72cd9523076ccb21157dff66ad43fcc22"
  integrity sha512-shx7oQ0Awen/BRIdkjkvz54PnEEI/EjwXDSIZp86/KKdbafHh1Df/RYGBhn4hbe2+uKC9FnT5UCEdyPz3ai9hQ==

comma-separated-tokens@^2.0.0:
  version "2.0.3"
  resolved "https://registry.yarnpkg.com/comma-separated-tokens/-/comma-separated-tokens-2.0.3.tgz#4e89c9458acb61bc8fef19f4529973b2392839ee"
  integrity sha512-Fu4hJdvzeylCfQPp9SGWidpzrMs7tTrlu6Vb8XGaRGck8QSNZJJp538Wrb60Lax4fPwR64ViY468OIUTbRlGZg==

debug@^4.0.0:
  version "4.3.4"
  resolved "https://registry.yarnpkg.com/debug/-/debug-4.3.4.tgz#1319f6579357f2338d3337d2cdd4914bb5dcc865"
  integrity sha512-PRWFHuSU3eDtQJPvnNY7Jcket1j0t5OuOsFzPPzsekD52Zl8qUfFIPEiswXqIvHWGVHOgX+7G/vCNNhehwxfkQ==
  dependencies:
    ms "2.1.2"

decode-named-character-reference@^1.0.0:
  version "1.0.2"
  resolved "https://registry.yarnpkg.com/decode-named-character-reference/-/decode-named-character-reference-1.0.2.tgz#daabac9690874c394c81e4162a0304b35d824f0e"
  integrity sha512-O8x12RzrUF8xyVcY0KJowWsmaJxQbmy0/EtnNtHRpsOcT7dFk5W598coHqBVpmWo1oQQfsCqfCmkZN5DJrZVdg==
  dependencies:
    character-entities "^2.0.0"

dequal@^2.0.0:
  version "2.0.3"
  resolved "https://registry.yarnpkg.com/dequal/-/dequal-2.0.3.tgz#2644214f1997d39ed0ee0ece72335490a7ac67be"
  integrity sha512-0je+qPKHEMohvfRTCEo3CrPG6cAzAYgmzKyxRiYSSDkS6eGJdyVJm7WaYA5ECaAD9wLB2T4EEeymA5aFVcYXCA==

devlop@^1.0.0:
  version "1.1.0"
  resolved "https://registry.yarnpkg.com/devlop/-/devlop-1.1.0.tgz#4db7c2ca4dc6e0e834c30be70c94bbc976dc7018"
  integrity sha512-RWmIqhcFf1lRYBvNmr7qTNuyCt/7/ns2jbpp1+PalgE/rDQcBT0fioSMUpJ93irlUhC5hrg4cYqe6U+0ImW0rA==
  dependencies:
    dequal "^2.0.0"

eastasianwidth@^0.2.0:
  version "0.2.0"
  resolved "https://registry.yarnpkg.com/eastasianwidth/-/eastasianwidth-0.2.0.tgz#696ce2ec0aa0e6ea93a397ffcf24aa7840c827cb"
  integrity sha512-I88TYZWc9XiYHRQ4/3c5rjjfgkjhLyW2luGIheGERbNQ6OY7yTybanSpDXZa8y7VUP9YmDcYa+eyq4ca7iLqWA==

emoji-regex@^10.2.1:
  version "10.3.0"
  resolved "https://registry.yarnpkg.com/emoji-regex/-/emoji-regex-10.3.0.tgz#76998b9268409eb3dae3de989254d456e70cfe23"
  integrity sha512-QpLs9D9v9kArv4lfDEgg1X/gN5XLnf/A6l9cs8SPZLRZR3ZkY9+kwIQTxm+fsSej5UMYGE8fdoaZVIBlqG0XTw==

entities@^4.4.0:
  version "4.5.0"
  resolved "https://registry.yarnpkg.com/entities/-/entities-4.5.0.tgz#5d268ea5e7113ec74c4d033b79ea5a35a488fb48"
  integrity sha512-V0hjH4dGPh9Ao5p0MoRY6BVqtwCjhz6vI5LT8AJ55H+4g9/4vbHx1I54fS0XuclLhDHArPQCiMjDxjaL8fPxhw==

extend@^3.0.0:
  version "3.0.2"
  resolved "https://registry.yarnpkg.com/extend/-/extend-3.0.2.tgz#f8b1136b4071fbd8eb140aff858b1019ec2915fa"
  integrity sha512-fjquC59cD7CyW6urNXK0FBufkZcoiGG80wTuPujX590cB5Ttln20E2UB4S/WARVqhXffZl2LNgS+gQdPIIim/g==

hast-util-embedded@^3.0.0:
  version "3.0.0"
  resolved "https://registry.yarnpkg.com/hast-util-embedded/-/hast-util-embedded-3.0.0.tgz#be4477780fbbe079cdba22982e357a0de4ba853e"
  integrity sha512-naH8sld4Pe2ep03qqULEtvYr7EjrLK2QHY8KJR6RJkTUjPGObe1vnx585uzem2hGra+s1q08DZZpfgDVYRbaXA==
  dependencies:
    "@types/hast" "^3.0.0"
    hast-util-is-element "^3.0.0"

hast-util-from-parse5@^8.0.0:
  version "8.0.1"
  resolved "https://registry.yarnpkg.com/hast-util-from-parse5/-/hast-util-from-parse5-8.0.1.tgz#654a5676a41211e14ee80d1b1758c399a0327651"
  integrity sha512-Er/Iixbc7IEa7r/XLtuG52zoqn/b3Xng/w6aZQ0xGVxzhw5xUFxcRqdPzP6yFi/4HBYRaifaI5fQ1RH8n0ZeOQ==
  dependencies:
    "@types/hast" "^3.0.0"
    "@types/unist" "^3.0.0"
    devlop "^1.0.0"
    hastscript "^8.0.0"
    property-information "^6.0.0"
    vfile "^6.0.0"
    vfile-location "^5.0.0"
    web-namespaces "^2.0.0"

hast-util-has-property@^3.0.0:
  version "3.0.0"
  resolved "https://registry.yarnpkg.com/hast-util-has-property/-/hast-util-has-property-3.0.0.tgz#4e595e3cddb8ce530ea92f6fc4111a818d8e7f93"
  integrity sha512-MNilsvEKLFpV604hwfhVStK0usFY/QmM5zX16bo7EjnAEGofr5YyI37kzopBlZJkHD4t887i+q/C8/tr5Q94cA==
  dependencies:
    "@types/hast" "^3.0.0"

hast-util-is-body-ok-link@^3.0.0:
  version "3.0.0"
  resolved "https://registry.yarnpkg.com/hast-util-is-body-ok-link/-/hast-util-is-body-ok-link-3.0.0.tgz#6b2d808813a6f73eb20e61bdd2b203591af85eb4"
  integrity sha512-VFHY5bo2nY8HiV6nir2ynmEB1XkxzuUffhEGeVx7orbu/B1KaGyeGgMZldvMVx5xWrDlLLG/kQ6YkJAMkBEx0w==
  dependencies:
    "@types/hast" "^3.0.0"

hast-util-is-element@^3.0.0:
  version "3.0.0"
  resolved "https://registry.yarnpkg.com/hast-util-is-element/-/hast-util-is-element-3.0.0.tgz#6e31a6532c217e5b533848c7e52c9d9369ca0932"
  integrity sha512-Val9mnv2IWpLbNPqc/pUem+a7Ipj2aHacCwgNfTiK0vJKl0LF+4Ba4+v1oPHFpf3bLYmreq0/l3Gud9S5OH42g==
  dependencies:
    "@types/hast" "^3.0.0"

hast-util-parse-selector@^4.0.0:
  version "4.0.0"
  resolved "https://registry.yarnpkg.com/hast-util-parse-selector/-/hast-util-parse-selector-4.0.0.tgz#352879fa86e25616036037dd8931fb5f34cb4a27"
  integrity sha512-wkQCkSYoOGCRKERFWcxMVMOcYE2K1AaNLU8DXS9arxnLOUEWbOXKXiJUNzEpqZ3JOKpnha3jkFrumEjVliDe7A==
  dependencies:
    "@types/hast" "^3.0.0"

hast-util-phrasing@^3.0.0:
  version "3.0.1"
  resolved "https://registry.yarnpkg.com/hast-util-phrasing/-/hast-util-phrasing-3.0.1.tgz#fa284c0cd4a82a0dd6020de8300a7b1ebffa1690"
  integrity sha512-6h60VfI3uBQUxHqTyMymMZnEbNl1XmEGtOxxKYL7stY2o601COo62AWAYBQR9lZbYXYSBoxag8UpPRXK+9fqSQ==
  dependencies:
    "@types/hast" "^3.0.0"
    hast-util-embedded "^3.0.0"
    hast-util-has-property "^3.0.0"
    hast-util-is-body-ok-link "^3.0.0"
    hast-util-is-element "^3.0.0"

hast-util-raw@^9.0.0:
  version "9.0.1"
  resolved "https://registry.yarnpkg.com/hast-util-raw/-/hast-util-raw-9.0.1.tgz#2ba8510e4ed2a1e541cde2a4ebb5c38ab4c82c2d"
  integrity sha512-5m1gmba658Q+lO5uqL5YNGQWeh1MYWZbZmWrM5lncdcuiXuo5E2HT/CIOp0rLF8ksfSwiCVJ3twlgVRyTGThGA==
  dependencies:
    "@types/hast" "^3.0.0"
    "@types/unist" "^3.0.0"
    "@ungap/structured-clone" "^1.0.0"
    hast-util-from-parse5 "^8.0.0"
    hast-util-to-parse5 "^8.0.0"
    html-void-elements "^3.0.0"
    mdast-util-to-hast "^13.0.0"
    parse5 "^7.0.0"
    unist-util-position "^5.0.0"
    unist-util-visit "^5.0.0"
    vfile "^6.0.0"
    web-namespaces "^2.0.0"
    zwitch "^2.0.0"

hast-util-to-html@^9.0.0:
  version "9.0.0"
  resolved "https://registry.yarnpkg.com/hast-util-to-html/-/hast-util-to-html-9.0.0.tgz#51c0ae2a3550b9aa988c094c4fc4e327af0dddd1"
  integrity sha512-IVGhNgg7vANuUA2XKrT6sOIIPgaYZnmLx3l/CCOAK0PtgfoHrZwX7jCSYyFxHTrGmC6S9q8aQQekjp4JPZF+cw==
  dependencies:
    "@types/hast" "^3.0.0"
    "@types/unist" "^3.0.0"
    ccount "^2.0.0"
    comma-separated-tokens "^2.0.0"
    hast-util-raw "^9.0.0"
    hast-util-whitespace "^3.0.0"
    html-void-elements "^3.0.0"
    mdast-util-to-hast "^13.0.0"
    property-information "^6.0.0"
    space-separated-tokens "^2.0.0"
    stringify-entities "^4.0.0"
    zwitch "^2.0.4"

hast-util-to-parse5@^8.0.0:
  version "8.0.0"
  resolved "https://registry.yarnpkg.com/hast-util-to-parse5/-/hast-util-to-parse5-8.0.0.tgz#477cd42d278d4f036bc2ea58586130f6f39ee6ed"
  integrity sha512-3KKrV5ZVI8if87DVSi1vDeByYrkGzg4mEfeu4alwgmmIeARiBLKCZS2uw5Gb6nU9x9Yufyj3iudm6i7nl52PFw==
  dependencies:
    "@types/hast" "^3.0.0"
    comma-separated-tokens "^2.0.0"
    devlop "^1.0.0"
    property-information "^6.0.0"
    space-separated-tokens "^2.0.0"
    web-namespaces "^2.0.0"
    zwitch "^2.0.0"

hast-util-whitespace@^3.0.0:
  version "3.0.0"
  resolved "https://registry.yarnpkg.com/hast-util-whitespace/-/hast-util-whitespace-3.0.0.tgz#7778ed9d3c92dd9e8c5c8f648a49c21fc51cb621"
  integrity sha512-88JUN06ipLwsnv+dVn+OIYOvAuvBMy/Qoi6O7mQHxdPXpjy+Cd6xRkWwux7DKO+4sYILtLBRIKgsdpS2gQc7qw==
  dependencies:
    "@types/hast" "^3.0.0"

hastscript@^8.0.0:
  version "8.0.0"
  resolved "https://registry.yarnpkg.com/hastscript/-/hastscript-8.0.0.tgz#4ef795ec8dee867101b9f23cc830d4baf4fd781a"
  integrity sha512-dMOtzCEd3ABUeSIISmrETiKuyydk1w0pa+gE/uormcTpSYuaNJPbX1NU3JLyscSLjwAQM8bWMhhIlnCqnRvDTw==
  dependencies:
    "@types/hast" "^3.0.0"
    comma-separated-tokens "^2.0.0"
    hast-util-parse-selector "^4.0.0"
    property-information "^6.0.0"
    space-separated-tokens "^2.0.0"

html-void-elements@^3.0.0:
  version "3.0.0"
  resolved "https://registry.yarnpkg.com/html-void-elements/-/html-void-elements-3.0.0.tgz#fc9dbd84af9e747249034d4d62602def6517f1d7"
  integrity sha512-bEqo66MRXsUGxWHV5IP0PUiAWwoEjba4VCzg0LjFJBpchPaTfyfCKTG6bc5F8ucKec3q5y6qOdGyYTSBEvhCrg==

html-whitespace-sensitive-tag-names@^3.0.0:
  version "3.0.0"
  resolved "https://registry.yarnpkg.com/html-whitespace-sensitive-tag-names/-/html-whitespace-sensitive-tag-names-3.0.0.tgz#c7c8c11d93c014fba642e240d7f3da39656ab301"
  integrity sha512-KlClZ3/Qy5UgvpvVvDomGhnQhNWH5INE8GwvSIQ9CWt1K0zbbXrl7eN5bWaafOZgtmO3jMPwUqmrmEwinhPq1w==

is-plain-obj@^4.0.0:
  version "4.1.0"
  resolved "https://registry.yarnpkg.com/is-plain-obj/-/is-plain-obj-4.1.0.tgz#d65025edec3657ce032fd7db63c97883eaed71f0"
  integrity sha512-+Pgi+vMuUNkJyExiMBt5IlFoMyKnr5zhJ4Uspz58WOhBF5QoIZkFyNHIbBAtHwzVAgk5RtndVNsDRN61/mmDqg==

mdast-util-from-markdown@^2.0.0:
  version "2.0.0"
  resolved "https://registry.yarnpkg.com/mdast-util-from-markdown/-/mdast-util-from-markdown-2.0.0.tgz#52f14815ec291ed061f2922fd14d6689c810cb88"
  integrity sha512-n7MTOr/z+8NAX/wmhhDji8O3bRvPTV/U0oTCaZJkjhPSKTPhS3xufVhKGF8s1pJ7Ox4QgoIU7KHseh09S+9rTA==
  dependencies:
    "@types/mdast" "^4.0.0"
    "@types/unist" "^3.0.0"
    decode-named-character-reference "^1.0.0"
    devlop "^1.0.0"
    mdast-util-to-string "^4.0.0"
    micromark "^4.0.0"
    micromark-util-decode-numeric-character-reference "^2.0.0"
    micromark-util-decode-string "^2.0.0"
    micromark-util-normalize-identifier "^2.0.0"
    micromark-util-symbol "^2.0.0"
    micromark-util-types "^2.0.0"
    unist-util-stringify-position "^4.0.0"

mdast-util-to-hast@^13.0.0:
  version "13.0.2"
  resolved "https://registry.yarnpkg.com/mdast-util-to-hast/-/mdast-util-to-hast-13.0.2.tgz#74c0a9f014bb2340cae6118f6fccd75467792be7"
  integrity sha512-U5I+500EOOw9e3ZrclN3Is3fRpw8c19SMyNZlZ2IS+7vLsNzb2Om11VpIVOR+/0137GhZsFEF6YiKD5+0Hr2Og==
  dependencies:
    "@types/hast" "^3.0.0"
    "@types/mdast" "^4.0.0"
    "@ungap/structured-clone" "^1.0.0"
    devlop "^1.0.0"
    micromark-util-sanitize-uri "^2.0.0"
    trim-lines "^3.0.0"
    unist-util-position "^5.0.0"
    unist-util-visit "^5.0.0"

mdast-util-to-string@^4.0.0:
  version "4.0.0"
  resolved "https://registry.yarnpkg.com/mdast-util-to-string/-/mdast-util-to-string-4.0.0.tgz#7a5121475556a04e7eddeb67b264aae79d312814"
  integrity sha512-0H44vDimn51F0YwvxSJSm0eCDOJTRlmN0R1yBh4HLj9wiV1Dn0QoXGbvFAWj2hSItVTlCmBF1hqKlIyUBVFLPg==
  dependencies:
    "@types/mdast" "^4.0.0"

micromark-core-commonmark@^2.0.0:
  version "2.0.0"
  resolved "https://registry.yarnpkg.com/micromark-core-commonmark/-/micromark-core-commonmark-2.0.0.tgz#50740201f0ee78c12a675bf3e68ffebc0bf931a3"
  integrity sha512-jThOz/pVmAYUtkroV3D5c1osFXAMv9e0ypGDOIZuCeAe91/sD6BoE2Sjzt30yuXtwOYUmySOhMas/PVyh02itA==
  dependencies:
    decode-named-character-reference "^1.0.0"
    devlop "^1.0.0"
    micromark-factory-destination "^2.0.0"
    micromark-factory-label "^2.0.0"
    micromark-factory-space "^2.0.0"
    micromark-factory-title "^2.0.0"
    micromark-factory-whitespace "^2.0.0"
    micromark-util-character "^2.0.0"
    micromark-util-chunked "^2.0.0"
    micromark-util-classify-character "^2.0.0"
    micromark-util-html-tag-name "^2.0.0"
    micromark-util-normalize-identifier "^2.0.0"
    micromark-util-resolve-all "^2.0.0"
    micromark-util-subtokenize "^2.0.0"
    micromark-util-symbol "^2.0.0"
    micromark-util-types "^2.0.0"

micromark-factory-destination@^2.0.0:
  version "2.0.0"
  resolved "https://registry.yarnpkg.com/micromark-factory-destination/-/micromark-factory-destination-2.0.0.tgz#857c94debd2c873cba34e0445ab26b74f6a6ec07"
  integrity sha512-j9DGrQLm/Uhl2tCzcbLhy5kXsgkHUrjJHg4fFAeoMRwJmJerT9aw4FEhIbZStWN8A3qMwOp1uzHr4UL8AInxtA==
  dependencies:
    micromark-util-character "^2.0.0"
    micromark-util-symbol "^2.0.0"
    micromark-util-types "^2.0.0"

micromark-factory-label@^2.0.0:
  version "2.0.0"
  resolved "https://registry.yarnpkg.com/micromark-factory-label/-/micromark-factory-label-2.0.0.tgz#17c5c2e66ce39ad6f4fc4cbf40d972f9096f726a"
  integrity sha512-RR3i96ohZGde//4WSe/dJsxOX6vxIg9TimLAS3i4EhBAFx8Sm5SmqVfR8E87DPSR31nEAjZfbt91OMZWcNgdZw==
  dependencies:
    devlop "^1.0.0"
    micromark-util-character "^2.0.0"
    micromark-util-symbol "^2.0.0"
    micromark-util-types "^2.0.0"

micromark-factory-space@^2.0.0:
  version "2.0.0"
  resolved "https://registry.yarnpkg.com/micromark-factory-space/-/micromark-factory-space-2.0.0.tgz#5e7afd5929c23b96566d0e1ae018ae4fcf81d030"
  integrity sha512-TKr+LIDX2pkBJXFLzpyPyljzYK3MtmllMUMODTQJIUfDGncESaqB90db9IAUcz4AZAJFdd8U9zOp9ty1458rxg==
  dependencies:
    micromark-util-character "^2.0.0"
    micromark-util-types "^2.0.0"

micromark-factory-title@^2.0.0:
  version "2.0.0"
  resolved "https://registry.yarnpkg.com/micromark-factory-title/-/micromark-factory-title-2.0.0.tgz#726140fc77892af524705d689e1cf06c8a83ea95"
  integrity sha512-jY8CSxmpWLOxS+t8W+FG3Xigc0RDQA9bKMY/EwILvsesiRniiVMejYTE4wumNc2f4UbAa4WsHqe3J1QS1sli+A==
  dependencies:
    micromark-factory-space "^2.0.0"
    micromark-util-character "^2.0.0"
    micromark-util-symbol "^2.0.0"
    micromark-util-types "^2.0.0"

micromark-factory-whitespace@^2.0.0:
  version "2.0.0"
  resolved "https://registry.yarnpkg.com/micromark-factory-whitespace/-/micromark-factory-whitespace-2.0.0.tgz#9e92eb0f5468083381f923d9653632b3cfb5f763"
  integrity sha512-28kbwaBjc5yAI1XadbdPYHX/eDnqaUFVikLwrO7FDnKG7lpgxnvk/XGRhX/PN0mOZ+dBSZ+LgunHS+6tYQAzhA==
  dependencies:
    micromark-factory-space "^2.0.0"
    micromark-util-character "^2.0.0"
    micromark-util-symbol "^2.0.0"
    micromark-util-types "^2.0.0"

micromark-util-character@^2.0.0:
  version "2.0.1"
  resolved "https://registry.yarnpkg.com/micromark-util-character/-/micromark-util-character-2.0.1.tgz#52b824c2e2633b6fb33399d2ec78ee2a90d6b298"
  integrity sha512-3wgnrmEAJ4T+mGXAUfMvMAbxU9RDG43XmGce4j6CwPtVxB3vfwXSZ6KhFwDzZ3mZHhmPimMAXg71veiBGzeAZw==
  dependencies:
    micromark-util-symbol "^2.0.0"
    micromark-util-types "^2.0.0"

micromark-util-chunked@^2.0.0:
  version "2.0.0"
  resolved "https://registry.yarnpkg.com/micromark-util-chunked/-/micromark-util-chunked-2.0.0.tgz#e51f4db85fb203a79dbfef23fd41b2f03dc2ef89"
  integrity sha512-anK8SWmNphkXdaKgz5hJvGa7l00qmcaUQoMYsBwDlSKFKjc6gjGXPDw3FNL3Nbwq5L8gE+RCbGqTw49FK5Qyvg==
  dependencies:
    micromark-util-symbol "^2.0.0"

micromark-util-classify-character@^2.0.0:
  version "2.0.0"
  resolved "https://registry.yarnpkg.com/micromark-util-classify-character/-/micromark-util-classify-character-2.0.0.tgz#8c7537c20d0750b12df31f86e976d1d951165f34"
  integrity sha512-S0ze2R9GH+fu41FA7pbSqNWObo/kzwf8rN/+IGlW/4tC6oACOs8B++bh+i9bVyNnwCcuksbFwsBme5OCKXCwIw==
  dependencies:
    micromark-util-character "^2.0.0"
    micromark-util-symbol "^2.0.0"
    micromark-util-types "^2.0.0"

micromark-util-combine-extensions@^2.0.0:
  version "2.0.0"
  resolved "https://registry.yarnpkg.com/micromark-util-combine-extensions/-/micromark-util-combine-extensions-2.0.0.tgz#75d6ab65c58b7403616db8d6b31315013bfb7ee5"
  integrity sha512-vZZio48k7ON0fVS3CUgFatWHoKbbLTK/rT7pzpJ4Bjp5JjkZeasRfrS9wsBdDJK2cJLHMckXZdzPSSr1B8a4oQ==
  dependencies:
    micromark-util-chunked "^2.0.0"
    micromark-util-types "^2.0.0"

micromark-util-decode-numeric-character-reference@^2.0.0:
  version "2.0.1"
  resolved "https://registry.yarnpkg.com/micromark-util-decode-numeric-character-reference/-/micromark-util-decode-numeric-character-reference-2.0.1.tgz#2698bbb38f2a9ba6310e359f99fcb2b35a0d2bd5"
  integrity sha512-bmkNc7z8Wn6kgjZmVHOX3SowGmVdhYS7yBpMnuMnPzDq/6xwVA604DuOXMZTO1lvq01g+Adfa0pE2UKGlxL1XQ==
  dependencies:
    micromark-util-symbol "^2.0.0"

micromark-util-decode-string@^2.0.0:
  version "2.0.0"
  resolved "https://registry.yarnpkg.com/micromark-util-decode-string/-/micromark-util-decode-string-2.0.0.tgz#7dfa3a63c45aecaa17824e656bcdb01f9737154a"
  integrity sha512-r4Sc6leeUTn3P6gk20aFMj2ntPwn6qpDZqWvYmAG6NgvFTIlj4WtrAudLi65qYoaGdXYViXYw2pkmn7QnIFasA==
  dependencies:
    decode-named-character-reference "^1.0.0"
    micromark-util-character "^2.0.0"
    micromark-util-decode-numeric-character-reference "^2.0.0"
    micromark-util-symbol "^2.0.0"

micromark-util-encode@^2.0.0:
  version "2.0.0"
  resolved "https://registry.yarnpkg.com/micromark-util-encode/-/micromark-util-encode-2.0.0.tgz#0921ac7953dc3f1fd281e3d1932decfdb9382ab1"
  integrity sha512-pS+ROfCXAGLWCOc8egcBvT0kf27GoWMqtdarNfDcjb6YLuV5cM3ioG45Ys2qOVqeqSbjaKg72vU+Wby3eddPsA==

micromark-util-html-tag-name@^2.0.0:
  version "2.0.0"
  resolved "https://registry.yarnpkg.com/micromark-util-html-tag-name/-/micromark-util-html-tag-name-2.0.0.tgz#ae34b01cbe063363847670284c6255bb12138ec4"
  integrity sha512-xNn4Pqkj2puRhKdKTm8t1YHC/BAjx6CEwRFXntTaRf/x16aqka6ouVoutm+QdkISTlT7e2zU7U4ZdlDLJd2Mcw==

micromark-util-normalize-identifier@^2.0.0:
  version "2.0.0"
  resolved "https://registry.yarnpkg.com/micromark-util-normalize-identifier/-/micromark-util-normalize-identifier-2.0.0.tgz#91f9a4e65fe66cc80c53b35b0254ad67aa431d8b"
  integrity sha512-2xhYT0sfo85FMrUPtHcPo2rrp1lwbDEEzpx7jiH2xXJLqBuy4H0GgXk5ToU8IEwoROtXuL8ND0ttVa4rNqYK3w==
  dependencies:
    micromark-util-symbol "^2.0.0"

micromark-util-resolve-all@^2.0.0:
  version "2.0.0"
  resolved "https://registry.yarnpkg.com/micromark-util-resolve-all/-/micromark-util-resolve-all-2.0.0.tgz#189656e7e1a53d0c86a38a652b284a252389f364"
  integrity sha512-6KU6qO7DZ7GJkaCgwBNtplXCvGkJToU86ybBAUdavvgsCiG8lSSvYxr9MhwmQ+udpzywHsl4RpGJsYWG1pDOcA==
  dependencies:
    micromark-util-types "^2.0.0"

micromark-util-sanitize-uri@^2.0.0:
  version "2.0.0"
  resolved "https://registry.yarnpkg.com/micromark-util-sanitize-uri/-/micromark-util-sanitize-uri-2.0.0.tgz#ec8fbf0258e9e6d8f13d9e4770f9be64342673de"
  integrity sha512-WhYv5UEcZrbAtlsnPuChHUAsu/iBPOVaEVsntLBIdpibO0ddy8OzavZz3iL2xVvBZOpolujSliP65Kq0/7KIYw==
  dependencies:
    micromark-util-character "^2.0.0"
    micromark-util-encode "^2.0.0"
    micromark-util-symbol "^2.0.0"

micromark-util-subtokenize@^2.0.0:
  version "2.0.0"
  resolved "https://registry.yarnpkg.com/micromark-util-subtokenize/-/micromark-util-subtokenize-2.0.0.tgz#9f412442d77e0c5789ffdf42377fa8a2bcbdf581"
  integrity sha512-vc93L1t+gpR3p8jxeVdaYlbV2jTYteDje19rNSS/H5dlhxUYll5Fy6vJ2cDwP8RnsXi818yGty1ayP55y3W6fg==
  dependencies:
    devlop "^1.0.0"
    micromark-util-chunked "^2.0.0"
    micromark-util-symbol "^2.0.0"
    micromark-util-types "^2.0.0"

micromark-util-symbol@^2.0.0:
  version "2.0.0"
  resolved "https://registry.yarnpkg.com/micromark-util-symbol/-/micromark-util-symbol-2.0.0.tgz#12225c8f95edf8b17254e47080ce0862d5db8044"
  integrity sha512-8JZt9ElZ5kyTnO94muPxIGS8oyElRJaiJO8EzV6ZSyGQ1Is8xwl4Q45qU5UOg+bGH4AikWziz0iN4sFLWs8PGw==

micromark-util-types@^2.0.0:
  version "2.0.0"
  resolved "https://registry.yarnpkg.com/micromark-util-types/-/micromark-util-types-2.0.0.tgz#63b4b7ffeb35d3ecf50d1ca20e68fc7caa36d95e"
  integrity sha512-oNh6S2WMHWRZrmutsRmDDfkzKtxF+bc2VxLC9dvtrDIRFln627VsFP6fLMgTryGDljgLPjkrzQSDcPrjPyDJ5w==

micromark@^4.0.0:
  version "4.0.0"
  resolved "https://registry.yarnpkg.com/micromark/-/micromark-4.0.0.tgz#84746a249ebd904d9658cfabc1e8e5f32cbc6249"
  integrity sha512-o/sd0nMof8kYff+TqcDx3VSrgBTcZpSvYcAHIfHhv5VAuNmisCxjhx6YmxS8PFEpb9z5WKWKPdzf0jM23ro3RQ==
  dependencies:
    "@types/debug" "^4.0.0"
    debug "^4.0.0"
    decode-named-character-reference "^1.0.0"
    devlop "^1.0.0"
    micromark-core-commonmark "^2.0.0"
    micromark-factory-space "^2.0.0"
    micromark-util-character "^2.0.0"
    micromark-util-chunked "^2.0.0"
    micromark-util-combine-extensions "^2.0.0"
    micromark-util-decode-numeric-character-reference "^2.0.0"
    micromark-util-encode "^2.0.0"
    micromark-util-normalize-identifier "^2.0.0"
    micromark-util-resolve-all "^2.0.0"
    micromark-util-sanitize-uri "^2.0.0"
    micromark-util-subtokenize "^2.0.0"
    micromark-util-symbol "^2.0.0"
    micromark-util-types "^2.0.0"

ms@2.1.2:
  version "2.1.2"
  resolved "https://registry.yarnpkg.com/ms/-/ms-2.1.2.tgz#d09d1f357b443f493382a8eb3ccd183872ae6009"
  integrity sha512-sGkPx+VjMtmA6MX27oA4FBFELFCZZ4S4XqeGOXCv68tT+jb3vk/RyaKWP0PTKyWtmLSM0b+adUTEvbs1PEaH2w==

parse5@^7.0.0:
  version "7.1.2"
  resolved "https://registry.yarnpkg.com/parse5/-/parse5-7.1.2.tgz#0736bebbfd77793823240a23b7fc5e010b7f8e32"
  integrity sha512-Czj1WaSVpaoj0wbhMzLmWD69anp2WH7FXMB9n1Sy8/ZFF9jolSQVMu1Ij5WIyGmcBmhk7EOndpO4mIpihVqAXw==
  dependencies:
    entities "^4.4.0"

property-information@^6.0.0:
  version "6.4.0"
  resolved "https://registry.yarnpkg.com/property-information/-/property-information-6.4.0.tgz#6bc4c618b0c2d68b3bb8b552cbb97f8e300a0f82"
  integrity sha512-9t5qARVofg2xQqKtytzt+lZ4d1Qvj8t5B8fEwXK6qOfgRLgH/b13QlgEyDh033NOS31nXeFbYv7CLUDG1CeifQ==

rehype-document@^7.0.2:
  version "7.0.2"
  resolved "https://registry.yarnpkg.com/rehype-document/-/rehype-document-7.0.2.tgz#230bc7ff8cfcaa097fbaf65096a6f56b61165665"
  integrity sha512-7ih+zNlNNB5GwEdtd/h6FG1GEMb9xlJpIFovgoSMPVYJ8zernXyZ9cOsHCv6T2iHLgwy8ZgeIoH/8GGcbZmFww==
  dependencies:
    "@types/hast" "^3.0.0"
    hastscript "^8.0.0"
    unified "^11.0.0"
    vfile "^6.0.0"

rehype-format@^5.0.0:
  version "5.0.0"
  resolved "https://registry.yarnpkg.com/rehype-format/-/rehype-format-5.0.0.tgz#e51cc8edece2aee0e88e1efdd0625bc0cbef387b"
  integrity sha512-kM4II8krCHmUhxrlvzFSptvaWh280Fr7UGNJU5DCMuvmAwGCNmGfi9CvFAQK6JDjsNoRMWQStglK3zKJH685Wg==
  dependencies:
    "@types/hast" "^3.0.0"
    hast-util-embedded "^3.0.0"
    hast-util-is-element "^3.0.0"
    hast-util-phrasing "^3.0.0"
    hast-util-whitespace "^3.0.0"
    html-whitespace-sensitive-tag-names "^3.0.0"
    rehype-minify-whitespace "^6.0.0"
    unist-util-visit-parents "^6.0.0"

rehype-minify-whitespace@^6.0.0:
  version "6.0.0"
  resolved "https://registry.yarnpkg.com/rehype-minify-whitespace/-/rehype-minify-whitespace-6.0.0.tgz#fe97c5e9e48c5629458166753f2249afaa2e1fd1"
  integrity sha512-i9It4YHR0Sf3GsnlR5jFUKXRr9oayvEk9GKQUkwZv6hs70OH9q3OCZrq9PpLvIGKt3W+JxBOxCidNVpH/6rWdA==
  dependencies:
    "@types/hast" "^3.0.0"
    hast-util-embedded "^3.0.0"
    hast-util-is-element "^3.0.0"
    hast-util-whitespace "^3.0.0"
    unist-util-is "^6.0.0"

rehype-stringify@^10.0.0:
  version "10.0.0"
  resolved "https://registry.yarnpkg.com/rehype-stringify/-/rehype-stringify-10.0.0.tgz#2031cf6fdd0355393706f0474ec794c75e5492f2"
  integrity sha512-1TX1i048LooI9QoecrXy7nGFFbFSufxVRAfc6Y9YMRAi56l+oB0zP51mLSV312uRuvVLPV1opSlJmslozR1XHQ==
  dependencies:
    "@types/hast" "^3.0.0"
    hast-util-to-html "^9.0.0"
    unified "^11.0.0"

remark-parse@^11.0.0:
  version "11.0.0"
  resolved "https://registry.yarnpkg.com/remark-parse/-/remark-parse-11.0.0.tgz#aa60743fcb37ebf6b069204eb4da304e40db45a1"
  integrity sha512-FCxlKLNGknS5ba/1lmpYijMUzX2esxW5xQqjWxw2eHFfS2MSdaHVINFmhjo+qN1WhZhNimq0dZATN9pH0IDrpA==
  dependencies:
    "@types/mdast" "^4.0.0"
    mdast-util-from-markdown "^2.0.0"
    micromark-util-types "^2.0.0"
    unified "^11.0.0"

remark-rehype@^11.0.0:
  version "11.0.0"
  resolved "https://registry.yarnpkg.com/remark-rehype/-/remark-rehype-11.0.0.tgz#7f21c08738bde024be5f16e4a8b13e5d7a04cf6b"
  integrity sha512-vx8x2MDMcxuE4lBmQ46zYUDfcFMmvg80WYX+UNLeG6ixjdCCLcw1lrgAukwBTuOFsS78eoAedHGn9sNM0w7TPw==
  dependencies:
    "@types/hast" "^3.0.0"
    "@types/mdast" "^4.0.0"
    mdast-util-to-hast "^13.0.0"
    unified "^11.0.0"
    vfile "^6.0.0"

reporter@^0.1.0:
  version "0.1.0"
  resolved "https://registry.yarnpkg.com/reporter/-/reporter-0.1.0.tgz#8d18ce414834a53e003a361bd04ba740ece5df64"
  integrity sha512-pkbc7H/kfEym5agb+C7EZvb4yEFWe+dqktCLmKzCzRO6DzH2FDmSyM0nZnxY/sXlEcRB2cid765ivzfgezABSw==
  dependencies:
    underscore "^1"

space-separated-tokens@^2.0.0:
  version "2.0.2"
  resolved "https://registry.yarnpkg.com/space-separated-tokens/-/space-separated-tokens-2.0.2.tgz#1ecd9d2350a3844572c3f4a312bceb018348859f"
  integrity sha512-PEGlAwrG8yXGXRjW32fGbg66JAlOAwbObuqVoJpv/mRgoWDQfgH1wDPvtzWyUSNAXBGSk8h755YDbbcEy3SH2Q==

string-width@^6.0.0:
  version "6.1.0"
  resolved "https://registry.yarnpkg.com/string-width/-/string-width-6.1.0.tgz#96488d6ed23f9ad5d82d13522af9e4c4c3fd7518"
  integrity sha512-k01swCJAgQmuADB0YIc+7TuatfNvTBVOoaUWJjTB9R4VJzR5vNWzf5t42ESVZFPS8xTySF7CAdV4t/aaIm3UnQ==
  dependencies:
    eastasianwidth "^0.2.0"
    emoji-regex "^10.2.1"
    strip-ansi "^7.0.1"

stringify-entities@^4.0.0:
  version "4.0.3"
  resolved "https://registry.yarnpkg.com/stringify-entities/-/stringify-entities-4.0.3.tgz#cfabd7039d22ad30f3cc435b0ca2c1574fc88ef8"
  integrity sha512-BP9nNHMhhfcMbiuQKCqMjhDP5yBCAxsPu4pHFFzJ6Alo9dZgY4VLDPutXqIjpRiMoKdp7Av85Gr73Q5uH9k7+g==
  dependencies:
    character-entities-html4 "^2.0.0"
    character-entities-legacy "^3.0.0"

strip-ansi@^7.0.1:
  version "7.1.0"
  resolved "https://registry.yarnpkg.com/strip-ansi/-/strip-ansi-7.1.0.tgz#d5b6568ca689d8561370b0707685d22434faff45"
  integrity sha512-iq6eVVI64nQQTRYq2KtEg2d2uU7LElhTJwsH4YzIHZshxlgZms/wIc4VoDQTlG/IvVIrBKG06CrZnp0qv7hkcQ==
  dependencies:
    ansi-regex "^6.0.1"

supports-color@^9.0.0:
  version "9.4.0"
  resolved "https://registry.yarnpkg.com/supports-color/-/supports-color-9.4.0.tgz#17bfcf686288f531db3dea3215510621ccb55954"
  integrity sha512-VL+lNrEoIXww1coLPOmiEmK/0sGigko5COxI09KzHc2VJXJsQ37UaQ+8quuxjDeA7+KnLGTWRyOXSLLR2Wb4jw==

to-vfile@^8.0.0:
  version "8.0.0"
  resolved "https://registry.yarnpkg.com/to-vfile/-/to-vfile-8.0.0.tgz#4e1282bf251ce2beacae8e23a1752b3b3986bd29"
  integrity sha512-IcmH1xB5576MJc9qcfEC/m/nQCFt3fzMHz45sSlgJyTWjRbKW1HAkJpuf3DgE57YzIlZcwcBZA5ENQbBo4aLkg==
  dependencies:
    vfile "^6.0.0"

trim-lines@^3.0.0:
  version "3.0.1"
  resolved "https://registry.yarnpkg.com/trim-lines/-/trim-lines-3.0.1.tgz#d802e332a07df861c48802c04321017b1bd87338"
  integrity sha512-kRj8B+YHZCc9kQYdWfJB2/oUl9rA99qbowYYBtr4ui4mZyAQ2JpvVBd/6U2YloATfqBhBTSMhTpgBHtU0Mf3Rg==

trough@^2.0.0:
  version "2.1.0"
  resolved "https://registry.yarnpkg.com/trough/-/trough-2.1.0.tgz#0f7b511a4fde65a46f18477ab38849b22c554876"
  integrity sha512-AqTiAOLcj85xS7vQ8QkAV41hPDIJ71XJB4RCUrzo/1GM2CQwhkJGaf9Hgr7BOugMRpgGUrqRg/DrBDl4H40+8g==

underscore@^1:
  version "1.13.6"
  resolved "https://registry.yarnpkg.com/underscore/-/underscore-1.13.6.tgz#04786a1f589dc6c09f761fc5f45b89e935136441"
  integrity sha512-+A5Sja4HP1M08MaXya7p5LvjuM7K6q/2EaC0+iovj/wOcMsTzMvDFbasi/oSapiwOlt252IqsKqPjCl7huKS0A==

unified@^11.0.0, unified@^11.0.4:
  version "11.0.4"
  resolved "https://registry.yarnpkg.com/unified/-/unified-11.0.4.tgz#f4be0ac0fe4c88cb873687c07c64c49ed5969015"
  integrity sha512-apMPnyLjAX+ty4OrNap7yumyVAMlKx5IWU2wlzzUdYJO9A8f1p9m/gywF/GM2ZDFcjQPrx59Mc90KwmxsoklxQ==
  dependencies:
    "@types/unist" "^3.0.0"
    bail "^2.0.0"
    devlop "^1.0.0"
    extend "^3.0.0"
    is-plain-obj "^4.0.0"
    trough "^2.0.0"
    vfile "^6.0.0"

unist-util-is@^6.0.0:
  version "6.0.0"
  resolved "https://registry.yarnpkg.com/unist-util-is/-/unist-util-is-6.0.0.tgz#b775956486aff107a9ded971d996c173374be424"
  integrity sha512-2qCTHimwdxLfz+YzdGfkqNlH0tLi9xjTnHddPmJwtIG9MGsdbutfTc4P+haPD7l7Cjxf/WZj+we5qfVPvvxfYw==
  dependencies:
    "@types/unist" "^3.0.0"

unist-util-position@^5.0.0:
  version "5.0.0"
  resolved "https://registry.yarnpkg.com/unist-util-position/-/unist-util-position-5.0.0.tgz#678f20ab5ca1207a97d7ea8a388373c9cf896be4"
  integrity sha512-fucsC7HjXvkB5R3kTCO7kUjRdrS0BJt3M/FPxmHMBOm8JQi2BsHAHFsy27E0EolP8rp0NzXsJ+jNPyDWvOJZPA==
  dependencies:
    "@types/unist" "^3.0.0"

unist-util-stringify-position@^4.0.0:
  version "4.0.0"
  resolved "https://registry.yarnpkg.com/unist-util-stringify-position/-/unist-util-stringify-position-4.0.0.tgz#449c6e21a880e0855bf5aabadeb3a740314abac2"
  integrity sha512-0ASV06AAoKCDkS2+xw5RXJywruurpbC4JZSm7nr7MOt1ojAzvyyaO+UxZf18j8FCF6kmzCZKcAgN/yu2gm2XgQ==
  dependencies:
    "@types/unist" "^3.0.0"

unist-util-visit-parents@^6.0.0:
  version "6.0.1"
  resolved "https://registry.yarnpkg.com/unist-util-visit-parents/-/unist-util-visit-parents-6.0.1.tgz#4d5f85755c3b8f0dc69e21eca5d6d82d22162815"
  integrity sha512-L/PqWzfTP9lzzEa6CKs0k2nARxTdZduw3zyh8d2NVBnsyvHjSX4TWse388YrrQKbvI8w20fGjGlhgT96WwKykw==
  dependencies:
    "@types/unist" "^3.0.0"
    unist-util-is "^6.0.0"

unist-util-visit@^5.0.0:
  version "5.0.0"
  resolved "https://registry.yarnpkg.com/unist-util-visit/-/unist-util-visit-5.0.0.tgz#a7de1f31f72ffd3519ea71814cccf5fd6a9217d6"
  integrity sha512-MR04uvD+07cwl/yhVuVWAtw+3GOR/knlL55Nd/wAdblk27GCVt3lqpTivy/tkJcZoNPzTwS1Y+KMojlLDhoTzg==
  dependencies:
    "@types/unist" "^3.0.0"
    unist-util-is "^6.0.0"
    unist-util-visit-parents "^6.0.0"

vfile-location@^5.0.0:
  version "5.0.2"
  resolved "https://registry.yarnpkg.com/vfile-location/-/vfile-location-5.0.2.tgz#220d9ca1ab6f8b2504a4db398f7ebc149f9cb464"
  integrity sha512-NXPYyxyBSH7zB5U6+3uDdd6Nybz6o6/od9rk8bp9H8GR3L+cm/fC0uUTbqBmUTnMCUDslAGBOIKNfvvb+gGlDg==
  dependencies:
    "@types/unist" "^3.0.0"
    vfile "^6.0.0"

vfile-message@^4.0.0:
  version "4.0.2"
  resolved "https://registry.yarnpkg.com/vfile-message/-/vfile-message-4.0.2.tgz#c883c9f677c72c166362fd635f21fc165a7d1181"
  integrity sha512-jRDZ1IMLttGj41KcZvlrYAaI3CfqpLpfpf+Mfig13viT6NKvRzWZ+lXz0Y5D60w6uJIBAOGq9mSHf0gktF0duw==
  dependencies:
    "@types/unist" "^3.0.0"
    unist-util-stringify-position "^4.0.0"

vfile-reporter@^8.1.0:
  version "8.1.0"
  resolved "https://registry.yarnpkg.com/vfile-reporter/-/vfile-reporter-8.1.0.tgz#8d6057035c7133a1ea0da04c82bfef31c0756fa3"
  integrity sha512-NfHyHdkCcy0BsXiLA3nId29TY7W7hgpc8nd8Soe3imATx5N4/+mkLYdMR+Y6Zvu6BXMMi0FZsD4FLCm1dN85Pg==
  dependencies:
    "@types/supports-color" "^8.0.0"
    string-width "^6.0.0"
    supports-color "^9.0.0"
    unist-util-stringify-position "^4.0.0"
    vfile "^6.0.0"
    vfile-message "^4.0.0"
    vfile-sort "^4.0.0"
    vfile-statistics "^3.0.0"

vfile-sort@^4.0.0:
  version "4.0.0"
  resolved "https://registry.yarnpkg.com/vfile-sort/-/vfile-sort-4.0.0.tgz#fa1929065b62fe5311e5391c9434f745e8641703"
  integrity sha512-lffPI1JrbHDTToJwcq0rl6rBmkjQmMuXkAxsZPRS9DXbaJQvc642eCg6EGxcX2i1L+esbuhq+2l9tBll5v8AeQ==
  dependencies:
    vfile "^6.0.0"
    vfile-message "^4.0.0"

vfile-statistics@^3.0.0:
  version "3.0.0"
  resolved "https://registry.yarnpkg.com/vfile-statistics/-/vfile-statistics-3.0.0.tgz#0f5cd00c611c1862b13a9b5bc5599efaf465f2cf"
  integrity sha512-/qlwqwWBWFOmpXujL/20P+Iuydil0rZZNglR+VNm6J0gpLHwuVM5s7g2TfVoswbXjZ4HuIhLMySEyIw5i7/D8w==
  dependencies:
    vfile "^6.0.0"
    vfile-message "^4.0.0"

vfile@^6.0.0:
  version "6.0.1"
  resolved "https://registry.yarnpkg.com/vfile/-/vfile-6.0.1.tgz#1e8327f41eac91947d4fe9d237a2dd9209762536"
  integrity sha512-1bYqc7pt6NIADBJ98UiG0Bn/CHIVOoZ/IyEkqIruLg0mE1BKzkOXY2D6CSqQIcKqgadppE5lrxgWXJmXd7zZJw==
  dependencies:
    "@types/unist" "^3.0.0"
    unist-util-stringify-position "^4.0.0"
    vfile-message "^4.0.0"

web-namespaces@^2.0.0:
  version "2.0.1"
  resolved "https://registry.yarnpkg.com/web-namespaces/-/web-namespaces-2.0.1.tgz#1010ff7c650eccb2592cebeeaf9a1b253fd40692"
  integrity sha512-bKr1DkiNa2krS7qxNtdrtHAmzuYGFQLiQ13TsorsdT6ULTkPLKuu5+GsFpDlg6JFjUTwX2DyhMPG2be8uPrqsQ==

zwitch@^2.0.0, zwitch@^2.0.4:
  version "2.0.4"
  resolved "https://registry.yarnpkg.com/zwitch/-/zwitch-2.0.4.tgz#c827d4b0acb76fc3e685a4c6ec2902d51070e9d7"
  integrity sha512-bXE4cR/kVZhKZX/RjPEflHaKVhUVl85noU3v6b8apfQEc1x4A+zBxjZ4lN8LqGd6WZ3dl98pY4o717VFmoPp+A==
